schema: '2.0'
stages:
  preprocess_data:
    cmd: python src/preprocess.py -p 5
    deps:
    - path: data/raw
      hash: md5
      md5: 27526d7c93db24e96424836665253bc1.dir
      size: 259742
      nfiles: 4
    - path: src/preprocess.py
      hash: md5
      md5: 524bf1285378495b8ac51d02d012dadd
      size: 1899
    outs:
    - path: data/processed/merged_cleaned.csv
      hash: md5
      md5: 7796c15e0aba3ae53bd5dfa364b0a6c0
      size: 27835
  train_model:
    cmd: python src/train_model.py -m xgboost_model
    deps:
    - path: data/processed/merged_cleaned.csv
      hash: md5
      md5: 7796c15e0aba3ae53bd5dfa364b0a6c0
      size: 27835
    - path: src/train_model.py
      hash: md5
      md5: f8efe8d2bd19bdfd270860071f4cb352
      size: 3191
    outs:
    - path: models
      hash: md5
      md5: 9ab7008e10f5392b3ff1122ff027ecdf.dir
      size: 916540
      nfiles: 8
  test_model:
    cmd: python src/test_model.py -m xgboost_model
    deps:
    - path: models
      hash: md5
      md5: 9ab7008e10f5392b3ff1122ff027ecdf.dir
      size: 916540
      nfiles: 8
    - path: src/test_model.py
      hash: md5
      md5: 24505ed7fc0beccdc3e4c87b92e913e0
      size: 2706
