schema: '2.0'
stages:
  preprocess_data:
    cmd: python src/preprocess.py
    deps:
    - path: data/raw
      hash: md5
      md5: 060ea9afeac0d47e6776c8d56386621d.dir
      size: 138485
      nfiles: 4
    - path: src/preprocess.py
      hash: md5
      md5: 524bf1285378495b8ac51d02d012dadd
      size: 1899
    outs:
    - path: data/processed/merged_cleaned.csv
      hash: md5
      md5: 75deac7aba50102f8e47c11ce253c40b
      size: 15323
  train_model:
    cmd: python src/train_model.py -m xgboost_model
    deps:
    - path: data/processed/merged_cleaned.csv
      hash: md5
      md5: 75deac7aba50102f8e47c11ce253c40b
      size: 15323
    - path: src/train_model.py
      hash: md5
      md5: f8efe8d2bd19bdfd270860071f4cb352
      size: 3191
    outs:
    - path: models
      hash: md5
      md5: 5b337172401021a099045679a3d27a71.dir
      size: 453054
      nfiles: 4
  test_model:
    cmd: python src/test_model.py -m xgboost_model
    deps:
    - path: models
      hash: md5
      md5: 5b337172401021a099045679a3d27a71.dir
      size: 453054
      nfiles: 4
    - path: src/test_model.py
      hash: md5
      md5: 24505ed7fc0beccdc3e4c87b92e913e0
      size: 2706
